
Microsoft Visual Studio Solution File, Format Version 12.00
# Visual Studio Version 17
VisualStudioVersion = 17.0.31903.59
MinimumVisualStudioVersion = 10.0.40219.1
Project("{2150E333-8FDC-42A3-9474-1A3956D46DE8}") = "src", "src", "{827E0CD3-B72D-47B6-A68D-7590B98EB39B}"
EndProject
Project("{2150E333-8FDC-42A3-9474-1A3956D46DE8}") = "tests", "tests", "{F0F1A4D4-9C4C-47C7-984F-2AF66980A9D7}"
EndProject
Project("{FAE04EC0-301F-11D3-BF4B-00C04F79EFBC}") = "Fc25Draft.Core", "src\Fc25Draft.Core\Fc25Draft.Core.csproj", "{FE48EB9E-A652-4034-A6E3-63B4FCF0B0F1}"
EndProject
Project("{FAE04EC0-301F-11D3-BF4B-00C04F79EFBC}") = "Fc25Draft.Infra", "src\Fc25Draft.Infra\Fc25Draft.Infra.csproj", "{1B355904-2F25-4F63-9947-C0068A9619AA}"
EndProject
Project("{FAE04EC0-301F-11D3-BF4B-00C04F79EFBC}") = "Fc25Draft.Web", "src\Fc25Draft.Web\Fc25Draft.Web.csproj", "{EBB9E033-24C8-4633-912D-171AB064600D}"
EndProject
Project("{FAE04EC0-301F-11D3-BF4B-00C04F79EFBC}") = "Fc25Draft.Infra.Migrations.SqlServer", "src\Fc25Draft.Infra.Migrations.SqlServer\Fc25Draft.Infra.Migrations.SqlServer.csproj", "{FC5550E9-0E8E-4568-8B13-69A28AA5BE14}"
EndProject
Project("{FAE04EC0-301F-11D3-BF4B-00C04F79EFBC}") = "Fc25Draft.Infra.Migrations.PostgreSQL", "src\Fc25Draft.Infra.Migrations.PostgreSQL\Fc25Draft.Infra.Migrations.PostgreSQL.csproj", "{A7B375E8-F1DE-4F5F-ABDF-6DFFBF190B5C}"
EndProject
Project("{FAE04EC0-301F-11D3-BF4B-00C04F79EFBC}") = "Fc25Draft.Tests", "tests\Fc25Draft.Tests\Fc25Draft.Tests.csproj", "{4FCE32C9-0E0F-4A6A-9F0D-868964B1A9AA}"
EndProject
Global
	GlobalSection(SolutionConfigurationPlatforms) = preSolution
		Debug|Any CPU = Debug|Any CPU
		Debug|x64 = Debug|x64
		Debug|x86 = Debug|x86
		Release|Any CPU = Release|Any CPU
		Release|x64 = Release|x64
		Release|x86 = Release|x86
	EndGlobalSection
	GlobalSection(ProjectConfigurationPlatforms) = postSolution
		{FE48EB9E-A652-4034-A6E3-63B4FCF0B0F1}.Debug|Any CPU.ActiveCfg = Debug|Any CPU
		{FE48EB9E-A652-4034-A6E3-63B4FCF0B0F1}.Debug|Any CPU.Build.0 = Debug|Any CPU
		{FE48EB9E-A652-4034-A6E3-63B4FCF0B0F1}.Debug|x64.ActiveCfg = Debug|Any CPU
		{FE48EB9E-A652-4034-A6E3-63B4FCF0B0F1}.Debug|x64.Build.0 = Debug|Any CPU
		{FE48EB9E-A652-4034-A6E3-63B4FCF0B0F1}.Debug|x86.ActiveCfg = Debug|Any CPU
		{FE48EB9E-A652-4034-A6E3-63B4FCF0B0F1}.Debug|x86.Build.0 = Debug|Any CPU
		{FE48EB9E-A652-4034-A6E3-63B4FCF0B0F1}.Release|Any CPU.ActiveCfg = Release|Any CPU
		{FE48EB9E-A652-4034-A6E3-63B4FCF0B0F1}.Release|Any CPU.Build.0 = Release|Any CPU
		{FE48EB9E-A652-4034-A6E3-63B4FCF0B0F1}.Release|x64.ActiveCfg = Release|Any CPU
		{FE48EB9E-A652-4034-A6E3-63B4FCF0B0F1}.Release|x64.Build.0 = Release|Any CPU
		{FE48EB9E-A652-4034-A6E3-63B4FCF0B0F1}.Release|x86.ActiveCfg = Release|Any CPU
		{FE48EB9E-A652-4034-A6E3-63B4FCF0B0F1}.Release|x86.Build.0 = Release|Any CPU
		{1B355904-2F25-4F63-9947-C0068A9619AA}.Debug|Any CPU.ActiveCfg = Debug|Any CPU
		{1B355904-2F25-4F63-9947-C0068A9619AA}.Debug|Any CPU.Build.0 = Debug|Any CPU
		{1B355904-2F25-4F63-9947-C0068A9619AA}.Debug|x64.ActiveCfg = Debug|Any CPU
		{1B355904-2F25-4F63-9947-C0068A9619AA}.Debug|x64.Build.0 = Debug|Any CPU
		{1B355904-2F25-4F63-9947-C0068A9619AA}.Debug|x86.ActiveCfg = Debug|Any CPU
		{1B355904-2F25-4F63-9947-C0068A9619AA}.Debug|x86.Build.0 = Debug|Any CPU
		{1B355904-2F25-4F63-9947-C0068A9619AA}.Release|Any CPU.ActiveCfg = Release|Any CPU
		{1B355904-2F25-4F63-9947-C0068A9619AA}.Release|Any CPU.Build.0 = Release|Any CPU
		{1B355904-2F25-4F63-9947-C0068A9619AA}.Release|x64.ActiveCfg = Release|Any CPU
		{1B355904-2F25-4F63-9947-C0068A9619AA}.Release|x64.Build.0 = Release|Any CPU
		{1B355904-2F25-4F63-9947-C0068A9619AA}.Release|x86.ActiveCfg = Release|Any CPU
		{1B355904-2F25-4F63-9947-C0068A9619AA}.Release|x86.Build.0 = Release|Any CPU
		{EBB9E033-24C8-4633-912D-171AB064600D}.Debug|Any CPU.ActiveCfg = Debug|Any CPU
		{EBB9E033-24C8-4633-912D-171AB064600D}.Debug|Any CPU.Build.0 = Debug|Any CPU
		{EBB9E033-24C8-4633-912D-171AB064600D}.Debug|x64.ActiveCfg = Debug|Any CPU
		{EBB9E033-24C8-4633-912D-171AB064600D}.Debug|x64.Build.0 = Debug|Any CPU
		{EBB9E033-24C8-4633-912D-171AB064600D}.Debug|x86.ActiveCfg = Debug|Any CPU
		{EBB9E033-24C8-4633-912D-171AB064600D}.Debug|x86.Build.0 = Debug|Any CPU
		{EBB9E033-24C8-4633-912D-171AB064600D}.Release|Any CPU.ActiveCfg = Release|Any CPU
		{EBB9E033-24C8-4633-912D-171AB064600D}.Release|Any CPU.Build.0 = Release|Any CPU
		{EBB9E033-24C8-4633-912D-171AB064600D}.Release|x64.ActiveCfg = Release|Any CPU
		{EBB9E033-24C8-4633-912D-171AB064600D}.Release|x86.ActiveCfg = Release|Any CPU
		{EBB9E033-24C8-4633-912D-171AB064600D}.Release|x86.Build.0 = Release|Any CPU
		{4FCE32C9-0E0F-4A6A-9F0D-868964B1A9AA}.Debug|Any CPU.ActiveCfg = Debug|Any CPU
		{4FCE32C9-0E0F-4A6A-9F0D-868964B1A9AA}.Debug|Any CPU.Build.0 = Debug|Any CPU
		{4FCE32C9-0E0F-4A6A-9F0D-868964B1A9AA}.Debug|x64.ActiveCfg = Debug|Any CPU
		{4FCE32C9-0E0F-4A6A-9F0D-868964B1A9AA}.Debug|x64.Build.0 = Debug|Any CPU
		{4FCE32C9-0E0F-4A6A-9F0D-868964B1A9AA}.Debug|x86.ActiveCfg = Debug|Any CPU
		{4FCE32C9-0E0F-4A6A-9F0D-868964B1A9AA}.Debug|x86.Build.0 = Debug|Any CPU
		{4FCE32C9-0E0F-4A6A-9F0D-868964B1A9AA}.Release|Any CPU.ActiveCfg = Release|Any CPU
		{4FCE32C9-0E0F-4A6A-9F0D-868964B1A9AA}.Release|Any CPU.Build.0 = Release|Any CPU
		{4FCE32C9-0E0F-4A6A-9F0D-868964B1A9AA}.Release|x64.ActiveCfg = Release|Any CPU
		{4FCE32C9-0E0F-4A6A-9F0D-868964B1A9AA}.Release|x64.Build.0 = Release|Any CPU
		{4FCE32C9-0E0F-4A6A-9F0D-868964B1A9AA}.Release|x86.ActiveCfg = Release|Any CPU
                {4FCE32C9-0E0F-4A6A-9F0D-868964B1A9AA}.Release|x86.Build.0 = Release|Any CPU
                {FC5550E9-0E8E-4568-8B13-69A28AA5BE14}.Debug|Any CPU.ActiveCfg = Debug|Any CPU
                {FC5550E9-0E8E-4568-8B13-69A28AA5BE14}.Debug|Any CPU.Build.0 = Debug|Any CPU
                {FC5550E9-0E8E-4568-8B13-69A28AA5BE14}.Debug|x64.ActiveCfg = Debug|Any CPU
                {FC5550E9-0E8E-4568-8B13-69A28AA5BE14}.Debug|x64.Build.0 = Debug|Any CPU
                {FC5550E9-0E8E-4568-8B13-69A28AA5BE14}.Debug|x86.ActiveCfg = Debug|Any CPU
                {FC5550E9-0E8E-4568-8B13-69A28AA5BE14}.Debug|x86.Build.0 = Debug|Any CPU
                {FC5550E9-0E8E-4568-8B13-69A28AA5BE14}.Release|Any CPU.ActiveCfg = Release|Any CPU
                {FC5550E9-0E8E-4568-8B13-69A28AA5BE14}.Release|Any CPU.Build.0 = Release|Any CPU
                {FC5550E9-0E8E-4568-8B13-69A28AA5BE14}.Release|x64.ActiveCfg = Release|Any CPU
                {FC5550E9-0E8E-4568-8B13-69A28AA5BE14}.Release|x64.Build.0 = Release|Any CPU
                {FC5550E9-0E8E-4568-8B13-69A28AA5BE14}.Release|x86.ActiveCfg = Release|Any CPU
                {FC5550E9-0E8E-4568-8B13-69A28AA5BE14}.Release|x86.Build.0 = Release|Any CPU
                {A7B375E8-F1DE-4F5F-ABDF-6DFFBF190B5C}.Debug|Any CPU.ActiveCfg = Debug|Any CPU
                {A7B375E8-F1DE-4F5F-ABDF-6DFFBF190B5C}.Debug|Any CPU.Build.0 = Debug|Any CPU
                {A7B375E8-F1DE-4F5F-ABDF-6DFFBF190B5C}.Debug|x64.ActiveCfg = Debug|Any CPU
                {A7B375E8-F1DE-4F5F-ABDF-6DFFBF190B5C}.Debug|x64.Build.0 = Debug|Any CPU
                {A7B375E8-F1DE-4F5F-ABDF-6DFFBF190B5C}.Debug|x86.ActiveCfg = Debug|Any CPU
                {A7B375E8-F1DE-4F5F-ABDF-6DFFBF190B5C}.Debug|x86.Build.0 = Debug|Any CPU
                {A7B375E8-F1DE-4F5F-ABDF-6DFFBF190B5C}.Release|Any CPU.ActiveCfg = Release|Any CPU
                {A7B375E8-F1DE-4F5F-ABDF-6DFFBF190B5C}.Release|Any CPU.Build.0 = Release|Any CPU
                {A7B375E8-F1DE-4F5F-ABDF-6DFFBF190B5C}.Release|x64.ActiveCfg = Release|Any CPU
                {A7B375E8-F1DE-4F5F-ABDF-6DFFBF190B5C}.Release|x64.Build.0 = Release|Any CPU
                {A7B375E8-F1DE-4F5F-ABDF-6DFFBF190B5C}.Release|x86.ActiveCfg = Release|Any CPU
                {A7B375E8-F1DE-4F5F-ABDF-6DFFBF190B5C}.Release|x86.Build.0 = Release|Any CPU
        EndGlobalSection
	GlobalSection(SolutionProperties) = preSolution
		HideSolutionNode = FALSE
	EndGlobalSection
	GlobalSection(NestedProjects) = preSolution
		{FE48EB9E-A652-4034-A6E3-63B4FCF0B0F1} = {827E0CD3-B72D-47B6-A68D-7590B98EB39B}
                {1B355904-2F25-4F63-9947-C0068A9619AA} = {827E0CD3-B72D-47B6-A68D-7590B98EB39B}
                {EBB9E033-24C8-4633-912D-171AB064600D} = {827E0CD3-B72D-47B6-A68D-7590B98EB39B}
                {FC5550E9-0E8E-4568-8B13-69A28AA5BE14} = {827E0CD3-B72D-47B6-A68D-7590B98EB39B}
                {A7B375E8-F1DE-4F5F-ABDF-6DFFBF190B5C} = {827E0CD3-B72D-47B6-A68D-7590B98EB39B}
                {4FCE32C9-0E0F-4A6A-9F0D-868964B1A9AA} = {F0F1A4D4-9C4C-47C7-984F-2AF66980A9D7}
	EndGlobalSection
EndGlobal
