
Microsoft Visual Studio Solution File, Format Version 12.00
# Visual Studio Version 17
VisualStudioVersion = 17.0.31903.59
MinimumVisualStudioVersion = 10.0.40219.1
Project("{2150E333-8FDC-42A3-9474-1A3956D46DE8}") = "src", "src", "{827E0CD3-B72D-47B6-A68D-7590B98EB39B}"
EndProject
Project("{FAE04EC0-301F-11D3-BF4B-00C04F79EFBC}") = "Fc25Draft.Core", "src\Fc25Draft.Core\Fc25Draft.Core.csproj", "{FE48EB9E-A652-4034-A6E3-63B4FCF0B0F1}"
EndProject
Project("{FAE04EC0-301F-11D3-BF4B-00C04F79EFBC}") = "Fc25Draft.Infra", "src\Fc25Draft.Infra\Fc25Draft.Infra.csproj", "{1B355904-2F25-4F63-9947-C0068A9619AA}"
EndProject
Project("{FAE04EC0-301F-11D3-BF4B-00C04F79EFBC}") = "Fc25Draft.Web", "src\Fc25Draft.Web\Fc25Draft.Web.csproj", "{EBB9E033-24C8-4633-912D-171AB064600D}"
EndProject
Global
	GlobalSection(SolutionConfigurationPlatforms) = preSolution
		Debug|Any CPU = Debug|Any CPU
		Debug|x64 = Debug|x64
		Debug|x86 = Debug|x86
		Release|Any CPU = Release|Any CPU
		Release|x64 = Release|x64
		Release|x86 = Release|x86
	EndGlobalSection
	GlobalSection(ProjectConfigurationPlatforms) = postSolution
		{FE48EB9E-A652-4034-A6E3-63B4FCF0B0F1}.Debug|Any CPU.ActiveCfg = Debug|Any CPU
		{FE48EB9E-A652-4034-A6E3-63B4FCF0B0F1}.Debug|Any CPU.Build.0 = Debug|Any CPU
		{FE48EB9E-A652-4034-A6E3-63B4FCF0B0F1}.Debug|x64.ActiveCfg = Debug|Any CPU
		{FE48EB9E-A652-4034-A6E3-63B4FCF0B0F1}.Debug|x64.Build.0 = Debug|Any CPU
		{FE48EB9E-A652-4034-A6E3-63B4FCF0B0F1}.Debug|x86.ActiveCfg = Debug|Any CPU
		{FE48EB9E-A652-4034-A6E3-63B4FCF0B0F1}.Debug|x86.Build.0 = Debug|Any CPU
		{FE48EB9E-A652-4034-A6E3-63B4FCF0B0F1}.Release|Any CPU.ActiveCfg = Release|Any CPU
		{FE48EB9E-A652-4034-A6E3-63B4FCF0B0F1}.Release|Any CPU.Build.0 = Release|Any CPU
		{FE48EB9E-A652-4034-A6E3-63B4FCF0B0F1}.Release|x64.ActiveCfg = Release|Any CPU
		{FE48EB9E-A652-4034-A6E3-63B4FCF0B0F1}.Release|x64.Build.0 = Release|Any CPU
		{FE48EB9E-A652-4034-A6E3-63B4FCF0B0F1}.Release|x86.ActiveCfg = Release|Any CPU
		{FE48EB9E-A652-4034-A6E3-63B4FCF0B0F1}.Release|x86.Build.0 = Release|Any CPU
		{1B355904-2F25-4F63-9947-C0068A9619AA}.Debug|Any CPU.ActiveCfg = Debug|Any CPU
		{1B355904-2F25-4F63-9947-C0068A9619AA}.Debug|Any CPU.Build.0 = Debug|Any CPU
		{1B355904-2F25-4F63-9947-C0068A9619AA}.Debug|x64.ActiveCfg = Debug|Any CPU
		{1B355904-2F25-4F63-9947-C0068A9619AA}.Debug|x64.Build.0 = Debug|Any CPU
		{1B355904-2F25-4F63-9947-C0068A9619AA}.Debug|x86.ActiveCfg = Debug|Any CPU
		{1B355904-2F25-4F63-9947-C0068A9619AA}.Debug|x86.Build.0 = Debug|Any CPU
		{1B355904-2F25-4F63-9947-C0068A9619AA}.Release|Any CPU.ActiveCfg = Release|Any CPU
		{1B355904-2F25-4F63-9947-C0068A9619AA}.Release|Any CPU.Build.0 = Release|Any CPU
		{1B355904-2F25-4F63-9947-C0068A9619AA}.Release|x64.ActiveCfg = Release|Any CPU
		{1B355904-2F25-4F63-9947-C0068A9619AA}.Release|x64.Build.0 = Release|Any CPU
		{1B355904-2F25-4F63-9947-C0068A9619AA}.Release|x86.ActiveCfg = Release|Any CPU
		{1B355904-2F25-4F63-9947-C0068A9619AA}.Release|x86.Build.0 = Release|Any CPU
		{EBB9E033-24C8-4633-912D-171AB064600D}.Debug|Any CPU.ActiveCfg = Debug|Any CPU
		{EBB9E033-24C8-4633-912D-171AB064600D}.Debug|Any CPU.Build.0 = Debug|Any CPU
		{EBB9E033-24C8-4633-912D-171AB064600D}.Debug|x64.ActiveCfg = Debug|Any CPU
		{EBB9E033-24C8-4633-912D-171AB064600D}.Debug|x64.Build.0 = Debug|Any CPU
		{EBB9E033-24C8-4633-912D-171AB064600D}.Debug|x86.ActiveCfg = Debug|Any CPU
		{EBB9E033-24C8-4633-912D-171AB064600D}.Debug|x86.Build.0 = Debug|Any CPU
		{EBB9E033-24C8-4633-912D-171AB064600D}.Release|Any CPU.ActiveCfg = Release|Any CPU
		{EBB9E033-24C8-4633-912D-171AB064600D}.Release|Any CPU.Build.0 = Release|Any CPU
		{EBB9E033-24C8-4633-912D-171AB064600D}.Release|x64.ActiveCfg = Release|Any CPU
		{EBB9E033-24C8-4633-912D-171AB064600D}.Release|x64.Build.0 = Release|Any CPU
		{EBB9E033-24C8-4633-912D-171AB064600D}.Release|x86.ActiveCfg = Release|Any CPU
		{EBB9E033-24C8-4633-912D-171AB064600D}.Release|x86.Build.0 = Release|Any CPU
	EndGlobalSection
	GlobalSection(SolutionProperties) = preSolution
		HideSolutionNode = FALSE
	EndGlobalSection
	GlobalSection(NestedProjects) = preSolution
		{FE48EB9E-A652-4034-A6E3-63B4FCF0B0F1} = {827E0CD3-B72D-47B6-A68D-7590B98EB39B}
		{1B355904-2F25-4F63-9947-C0068A9619AA} = {827E0CD3-B72D-47B6-A68D-7590B98EB39B}
		{EBB9E033-24C8-4633-912D-171AB064600D} = {827E0CD3-B72D-47B6-A68D-7590B98EB39B}
	EndGlobalSection
EndGlobal
